
Microsoft Visual Studio Solution File, Format Version 12.00
# Visual Studio 14
VisualStudioVersion = 14.0.25420.1
MinimumVisualStudioVersion = 10.0.40219.1
Project("{FAE04EC0-301F-11D3-BF4B-00C04F79EFBC}") = "ASCOM.Lunatic.TelescopeDriver", "ASCOM.Lunatic.Telescope\ASCOM.Lunatic.TelescopeDriver.csproj", "{E85B3304-41BD-4FA7-AD06-65BFA46B85EC}"
EndProject
Project("{FAE04EC0-301F-11D3-BF4B-00C04F79EFBC}") = "Lunatic.Core", "Lunatic.Core\Lunatic.Core.csproj", "{2E23D13A-8CB0-434B-9259-7789157E8677}"
EndProject
Project("{FAE04EC0-301F-11D3-BF4B-00C04F79EFBC}") = "ASCOM.Lunatic.TelescopeServer", "ASCOM.Lunatic.TelescopeServer\ASCOM.Lunatic.TelescopeServer.csproj", "{C2F85C09-CAF9-49FD-8BDC-80A8136D3AF3}"
EndProject
Project("{FAE04EC0-301F-11D3-BF4B-00C04F79EFBC}") = "Lunatic.TelescopeControl", "Lunatic.TelescopeControl\Lunatic.TelescopeControl.csproj", "{F9742CCF-8238-488E-98C4-5E450A44526C}"
EndProject
Project("{FAE04EC0-301F-11D3-BF4B-00C04F79EFBC}") = "Lunatic.SyntaController", "Lunatic.SyntaController\Lunatic.SyntaController.csproj", "{8424511E-54D1-42D3-86FF-1E56569FE2B8}"
EndProject
Project("{2150E333-8FDC-42A3-9474-1A3956D46DE8}") = "Test Projects", "Test Projects", "{0CF99B5A-BFEF-4670-9C83-CD6F7E2387C8}"
EndProject
Project("{FAE04EC0-301F-11D3-BF4B-00C04F79EFBC}") = "Lunatic.Core.Tests", "Lunatic.Core.Tests\Lunatic.Core.Tests.csproj", "{09B43D5F-A8FF-47A8-B31B-D66C0418EC00}"
EndProject
Project("{2150E333-8FDC-42A3-9474-1A3956D46DE8}") = "Documents", "Documents", "{80DAE769-5E97-49C9-9BEF-E954C3284AFC}"
	ProjectSection(SolutionItems) = preProject
		Documents\AlignmentTest.dwg = Documents\AlignmentTest.dwg
		Documents\AstroCalculations.xlsx = Documents\AstroCalculations.xlsx
		Documents\EQContrl Analysis.xlsx = Documents\EQContrl Analysis.xlsx
		Documents\matrix_method_rev_e.pdf = Documents\matrix_method_rev_e.pdf
		Documents\mc17_spa (1).pdf = Documents\mc17_spa (1).pdf
		Documents\N_StarDataFlowDiagram.jpg = Documents\N_StarDataFlowDiagram.jpg
		Documents\NOVAS_C3.1_Guide.pdf = Documents\NOVAS_C3.1_Guide.pdf
	EndProjectSection
EndProject
Global
	GlobalSection(SolutionConfigurationPlatforms) = preSolution
		Debug (Driver Direct)|Any CPU = Debug (Driver Direct)|Any CPU
		Debug (Driver Direct)|x64 = Debug (Driver Direct)|x64
		Debug (Driver Direct)|x86 = Debug (Driver Direct)|x86
		Debug|Any CPU = Debug|Any CPU
		Debug|x64 = Debug|x64
		Debug|x86 = Debug|x86
		Release|Any CPU = Release|Any CPU
		Release|x64 = Release|x64
		Release|x86 = Release|x86
	EndGlobalSection
	GlobalSection(ProjectConfigurationPlatforms) = postSolution
		{E85B3304-41BD-4FA7-AD06-65BFA46B85EC}.Debug (Driver Direct)|Any CPU.ActiveCfg = Debug (Driver Direct)|Any CPU
		{E85B3304-41BD-4FA7-AD06-65BFA46B85EC}.Debug (Driver Direct)|Any CPU.Build.0 = Debug (Driver Direct)|Any CPU
		{E85B3304-41BD-4FA7-AD06-65BFA46B85EC}.Debug (Driver Direct)|x64.ActiveCfg = Debug (Driver Direct)|x64
		{E85B3304-41BD-4FA7-AD06-65BFA46B85EC}.Debug (Driver Direct)|x64.Build.0 = Debug (Driver Direct)|x64
		{E85B3304-41BD-4FA7-AD06-65BFA46B85EC}.Debug (Driver Direct)|x86.ActiveCfg = Debug (Driver Direct)|Any CPU
		{E85B3304-41BD-4FA7-AD06-65BFA46B85EC}.Debug (Driver Direct)|x86.Build.0 = Debug (Driver Direct)|Any CPU
		{E85B3304-41BD-4FA7-AD06-65BFA46B85EC}.Debug|Any CPU.ActiveCfg = Debug|Any CPU
		{E85B3304-41BD-4FA7-AD06-65BFA46B85EC}.Debug|Any CPU.Build.0 = Debug|Any CPU
		{E85B3304-41BD-4FA7-AD06-65BFA46B85EC}.Debug|x64.ActiveCfg = Debug|x64
		{E85B3304-41BD-4FA7-AD06-65BFA46B85EC}.Debug|x64.Build.0 = Debug|x64
		{E85B3304-41BD-4FA7-AD06-65BFA46B85EC}.Debug|x86.ActiveCfg = Debug|Any CPU
		{E85B3304-41BD-4FA7-AD06-65BFA46B85EC}.Debug|x86.Build.0 = Debug|Any CPU
		{E85B3304-41BD-4FA7-AD06-65BFA46B85EC}.Release|Any CPU.ActiveCfg = Release|Any CPU
		{E85B3304-41BD-4FA7-AD06-65BFA46B85EC}.Release|Any CPU.Build.0 = Release|Any CPU
		{E85B3304-41BD-4FA7-AD06-65BFA46B85EC}.Release|x64.ActiveCfg = Release|x64
		{E85B3304-41BD-4FA7-AD06-65BFA46B85EC}.Release|x64.Build.0 = Release|x64
		{E85B3304-41BD-4FA7-AD06-65BFA46B85EC}.Release|x86.ActiveCfg = Release|Any CPU
		{E85B3304-41BD-4FA7-AD06-65BFA46B85EC}.Release|x86.Build.0 = Release|Any CPU
		{2E23D13A-8CB0-434B-9259-7789157E8677}.Debug (Driver Direct)|Any CPU.ActiveCfg = Debug (Driver Direct)|Any CPU
		{2E23D13A-8CB0-434B-9259-7789157E8677}.Debug (Driver Direct)|Any CPU.Build.0 = Debug (Driver Direct)|Any CPU
		{2E23D13A-8CB0-434B-9259-7789157E8677}.Debug (Driver Direct)|x64.ActiveCfg = Debug (Driver Direct)|x64
		{2E23D13A-8CB0-434B-9259-7789157E8677}.Debug (Driver Direct)|x64.Build.0 = Debug (Driver Direct)|x64
		{2E23D13A-8CB0-434B-9259-7789157E8677}.Debug (Driver Direct)|x86.ActiveCfg = Debug (Driver Direct)|Any CPU
		{2E23D13A-8CB0-434B-9259-7789157E8677}.Debug (Driver Direct)|x86.Build.0 = Debug (Driver Direct)|Any CPU
		{2E23D13A-8CB0-434B-9259-7789157E8677}.Debug|Any CPU.ActiveCfg = Debug|Any CPU
		{2E23D13A-8CB0-434B-9259-7789157E8677}.Debug|Any CPU.Build.0 = Debug|Any CPU
		{2E23D13A-8CB0-434B-9259-7789157E8677}.Debug|x64.ActiveCfg = Debug|x64
		{2E23D13A-8CB0-434B-9259-7789157E8677}.Debug|x64.Build.0 = Debug|x64
		{2E23D13A-8CB0-434B-9259-7789157E8677}.Debug|x86.ActiveCfg = Debug|Any CPU
		{2E23D13A-8CB0-434B-9259-7789157E8677}.Debug|x86.Build.0 = Debug|Any CPU
		{2E23D13A-8CB0-434B-9259-7789157E8677}.Release|Any CPU.ActiveCfg = Release|Any CPU
		{2E23D13A-8CB0-434B-9259-7789157E8677}.Release|Any CPU.Build.0 = Release|Any CPU
		{2E23D13A-8CB0-434B-9259-7789157E8677}.Release|x64.ActiveCfg = Release|x64
		{2E23D13A-8CB0-434B-9259-7789157E8677}.Release|x64.Build.0 = Release|x64
		{2E23D13A-8CB0-434B-9259-7789157E8677}.Release|x86.ActiveCfg = Release|Any CPU
		{2E23D13A-8CB0-434B-9259-7789157E8677}.Release|x86.Build.0 = Release|Any CPU
		{C2F85C09-CAF9-49FD-8BDC-80A8136D3AF3}.Debug (Driver Direct)|Any CPU.ActiveCfg = Debug (Driver Direct)|Any CPU
		{C2F85C09-CAF9-49FD-8BDC-80A8136D3AF3}.Debug (Driver Direct)|Any CPU.Build.0 = Debug (Driver Direct)|Any CPU
		{C2F85C09-CAF9-49FD-8BDC-80A8136D3AF3}.Debug (Driver Direct)|x64.ActiveCfg = Debug (Driver Direct)|x64
		{C2F85C09-CAF9-49FD-8BDC-80A8136D3AF3}.Debug (Driver Direct)|x64.Build.0 = Debug (Driver Direct)|x64
		{C2F85C09-CAF9-49FD-8BDC-80A8136D3AF3}.Debug (Driver Direct)|x86.ActiveCfg = Debug (Driver Direct)|Any CPU
		{C2F85C09-CAF9-49FD-8BDC-80A8136D3AF3}.Debug (Driver Direct)|x86.Build.0 = Debug (Driver Direct)|Any CPU
		{C2F85C09-CAF9-49FD-8BDC-80A8136D3AF3}.Debug|Any CPU.ActiveCfg = Debug|Any CPU
		{C2F85C09-CAF9-49FD-8BDC-80A8136D3AF3}.Debug|Any CPU.Build.0 = Debug|Any CPU
		{C2F85C09-CAF9-49FD-8BDC-80A8136D3AF3}.Debug|x64.ActiveCfg = Debug|x64
		{C2F85C09-CAF9-49FD-8BDC-80A8136D3AF3}.Debug|x64.Build.0 = Debug|x64
		{C2F85C09-CAF9-49FD-8BDC-80A8136D3AF3}.Debug|x86.ActiveCfg = Debug|Any CPU
		{C2F85C09-CAF9-49FD-8BDC-80A8136D3AF3}.Debug|x86.Build.0 = Debug|Any CPU
		{C2F85C09-CAF9-49FD-8BDC-80A8136D3AF3}.Release|Any CPU.ActiveCfg = Release|Any CPU
		{C2F85C09-CAF9-49FD-8BDC-80A8136D3AF3}.Release|Any CPU.Build.0 = Release|Any CPU
		{C2F85C09-CAF9-49FD-8BDC-80A8136D3AF3}.Release|x64.ActiveCfg = Release|x64
		{C2F85C09-CAF9-49FD-8BDC-80A8136D3AF3}.Release|x64.Build.0 = Release|x64
		{C2F85C09-CAF9-49FD-8BDC-80A8136D3AF3}.Release|x86.ActiveCfg = Release|Any CPU
		{C2F85C09-CAF9-49FD-8BDC-80A8136D3AF3}.Release|x86.Build.0 = Release|Any CPU
		{F9742CCF-8238-488E-98C4-5E450A44526C}.Debug (Driver Direct)|Any CPU.ActiveCfg = Debug (Driver Direct)|Any CPU
		{F9742CCF-8238-488E-98C4-5E450A44526C}.Debug (Driver Direct)|Any CPU.Build.0 = Debug (Driver Direct)|Any CPU
		{F9742CCF-8238-488E-98C4-5E450A44526C}.Debug (Driver Direct)|x64.ActiveCfg = Debug (Driver Direct)|x64
		{F9742CCF-8238-488E-98C4-5E450A44526C}.Debug (Driver Direct)|x64.Build.0 = Debug (Driver Direct)|x64
		{F9742CCF-8238-488E-98C4-5E450A44526C}.Debug (Driver Direct)|x86.ActiveCfg = Debug (Driver Direct)|Any CPU
		{F9742CCF-8238-488E-98C4-5E450A44526C}.Debug (Driver Direct)|x86.Build.0 = Debug (Driver Direct)|Any CPU
		{F9742CCF-8238-488E-98C4-5E450A44526C}.Debug|Any CPU.ActiveCfg = Debug|Any CPU
		{F9742CCF-8238-488E-98C4-5E450A44526C}.Debug|Any CPU.Build.0 = Debug|Any CPU
		{F9742CCF-8238-488E-98C4-5E450A44526C}.Debug|x64.ActiveCfg = Debug|x64
		{F9742CCF-8238-488E-98C4-5E450A44526C}.Debug|x64.Build.0 = Debug|x64
		{F9742CCF-8238-488E-98C4-5E450A44526C}.Debug|x86.ActiveCfg = Debug|Any CPU
		{F9742CCF-8238-488E-98C4-5E450A44526C}.Debug|x86.Build.0 = Debug|Any CPU
		{F9742CCF-8238-488E-98C4-5E450A44526C}.Release|Any CPU.ActiveCfg = Release|Any CPU
		{F9742CCF-8238-488E-98C4-5E450A44526C}.Release|Any CPU.Build.0 = Release|Any CPU
		{F9742CCF-8238-488E-98C4-5E450A44526C}.Release|x64.ActiveCfg = Release|x64
		{F9742CCF-8238-488E-98C4-5E450A44526C}.Release|x64.Build.0 = Release|x64
		{F9742CCF-8238-488E-98C4-5E450A44526C}.Release|x86.ActiveCfg = Release|Any CPU
		{F9742CCF-8238-488E-98C4-5E450A44526C}.Release|x86.Build.0 = Release|Any CPU
		{8424511E-54D1-42D3-86FF-1E56569FE2B8}.Debug (Driver Direct)|Any CPU.ActiveCfg = Debug (Driver Direct)|Any CPU
		{8424511E-54D1-42D3-86FF-1E56569FE2B8}.Debug (Driver Direct)|Any CPU.Build.0 = Debug (Driver Direct)|Any CPU
		{8424511E-54D1-42D3-86FF-1E56569FE2B8}.Debug (Driver Direct)|x64.ActiveCfg = Debug (Driver Direct)|Any CPU
		{8424511E-54D1-42D3-86FF-1E56569FE2B8}.Debug (Driver Direct)|x64.Build.0 = Debug (Driver Direct)|Any CPU
		{8424511E-54D1-42D3-86FF-1E56569FE2B8}.Debug (Driver Direct)|x86.ActiveCfg = Debug (Driver Direct)|Any CPU
		{8424511E-54D1-42D3-86FF-1E56569FE2B8}.Debug (Driver Direct)|x86.Build.0 = Debug (Driver Direct)|Any CPU
		{8424511E-54D1-42D3-86FF-1E56569FE2B8}.Debug|Any CPU.ActiveCfg = Debug|Any CPU
		{8424511E-54D1-42D3-86FF-1E56569FE2B8}.Debug|Any CPU.Build.0 = Debug|Any CPU
		{8424511E-54D1-42D3-86FF-1E56569FE2B8}.Debug|x64.ActiveCfg = Debug|Any CPU
		{8424511E-54D1-42D3-86FF-1E56569FE2B8}.Debug|x64.Build.0 = Debug|Any CPU
		{8424511E-54D1-42D3-86FF-1E56569FE2B8}.Debug|x86.ActiveCfg = Debug|Any CPU
		{8424511E-54D1-42D3-86FF-1E56569FE2B8}.Debug|x86.Build.0 = Debug|Any CPU
		{8424511E-54D1-42D3-86FF-1E56569FE2B8}.Release|Any CPU.ActiveCfg = Release|Any CPU
		{8424511E-54D1-42D3-86FF-1E56569FE2B8}.Release|Any CPU.Build.0 = Release|Any CPU
		{8424511E-54D1-42D3-86FF-1E56569FE2B8}.Release|x64.ActiveCfg = Release|Any CPU
		{8424511E-54D1-42D3-86FF-1E56569FE2B8}.Release|x64.Build.0 = Release|Any CPU
		{8424511E-54D1-42D3-86FF-1E56569FE2B8}.Release|x86.ActiveCfg = Release|Any CPU
		{8424511E-54D1-42D3-86FF-1E56569FE2B8}.Release|x86.Build.0 = Release|Any CPU
		{09B43D5F-A8FF-47A8-B31B-D66C0418EC00}.Debug (Driver Direct)|Any CPU.ActiveCfg = Debug (Driver Direct)|Any CPU
		{09B43D5F-A8FF-47A8-B31B-D66C0418EC00}.Debug (Driver Direct)|Any CPU.Build.0 = Debug (Driver Direct)|Any CPU
		{09B43D5F-A8FF-47A8-B31B-D66C0418EC00}.Debug (Driver Direct)|x64.ActiveCfg = Debug (Driver Direct)|Any CPU
		{09B43D5F-A8FF-47A8-B31B-D66C0418EC00}.Debug (Driver Direct)|x64.Build.0 = Debug (Driver Direct)|Any CPU
		{09B43D5F-A8FF-47A8-B31B-D66C0418EC00}.Debug (Driver Direct)|x86.ActiveCfg = Debug (Driver Direct)|Any CPU
		{09B43D5F-A8FF-47A8-B31B-D66C0418EC00}.Debug (Driver Direct)|x86.Build.0 = Debug (Driver Direct)|Any CPU
		{09B43D5F-A8FF-47A8-B31B-D66C0418EC00}.Debug|Any CPU.ActiveCfg = Debug|Any CPU
		{09B43D5F-A8FF-47A8-B31B-D66C0418EC00}.Debug|Any CPU.Build.0 = Debug|Any CPU
		{09B43D5F-A8FF-47A8-B31B-D66C0418EC00}.Debug|x64.ActiveCfg = Debug|Any CPU
		{09B43D5F-A8FF-47A8-B31B-D66C0418EC00}.Debug|x64.Build.0 = Debug|Any CPU
		{09B43D5F-A8FF-47A8-B31B-D66C0418EC00}.Debug|x86.ActiveCfg = Debug|Any CPU
		{09B43D5F-A8FF-47A8-B31B-D66C0418EC00}.Debug|x86.Build.0 = Debug|Any CPU
		{09B43D5F-A8FF-47A8-B31B-D66C0418EC00}.Release|Any CPU.ActiveCfg = Release|Any CPU
		{09B43D5F-A8FF-47A8-B31B-D66C0418EC00}.Release|Any CPU.Build.0 = Release|Any CPU
		{09B43D5F-A8FF-47A8-B31B-D66C0418EC00}.Release|x64.ActiveCfg = Release|Any CPU
		{09B43D5F-A8FF-47A8-B31B-D66C0418EC00}.Release|x64.Build.0 = Release|Any CPU
		{09B43D5F-A8FF-47A8-B31B-D66C0418EC00}.Release|x86.ActiveCfg = Release|Any CPU
		{09B43D5F-A8FF-47A8-B31B-D66C0418EC00}.Release|x86.Build.0 = Release|Any CPU
	EndGlobalSection
	GlobalSection(SolutionProperties) = preSolution
		HideSolutionNode = FALSE
	EndGlobalSection
	GlobalSection(NestedProjects) = preSolution
		{09B43D5F-A8FF-47A8-B31B-D66C0418EC00} = {0CF99B5A-BFEF-4670-9C83-CD6F7E2387C8}
	EndGlobalSection
EndGlobal
